
Microsoft Visual Studio Solution File, Format Version 12.00
# Visual Studio 14
VisualStudioVersion = 14.0.25420.1
MinimumVisualStudioVersion = 10.0.40219.1
Project("{2150E333-8FDC-42A3-9474-1A3956D46DE8}") = "Solution Items", "Solution Items", "{628845AB-6413-4B08-8520-7C57CA0E5FE9}"
	ProjectSection(SolutionItems) = preProject
		SharedAssemblyInfo.cs = SharedAssemblyInfo.cs
	EndProjectSection
EndProject
Project("{FAE04EC0-301F-11D3-BF4B-00C04F79EFBC}") = "ACopyLib", "ACopyLib\ACopyLib.csproj", "{456624A2-3782-473F-8567-740F7FE8A9F8}"
EndProject
Project("{FAE04EC0-301F-11D3-BF4B-00C04F79EFBC}") = "ACopyConsole", "ACopyConsole\ACopyConsole.csproj", "{F89638D9-E313-4A2F-9262-E067568E9497}"
EndProject
Project("{2150E333-8FDC-42A3-9474-1A3956D46DE8}") = "Testing", "Testing", "{3951F7D5-DF58-4BE6-A36F-C9A89A56F3E6}"
EndProject
Project("{2150E333-8FDC-42A3-9474-1A3956D46DE8}") = "Common", "Common", "{B6CC4F3B-A61F-4869-82A3-8E61D7CF36DD}"
EndProject
Project("{FAE04EC0-301F-11D3-BF4B-00C04F79EFBC}") = "ACommandLineParserTest", "Testing\ACommandLineParserTest\ACommandLineParserTest.csproj", "{6746FB5A-AD96-4461-BB80-A8D6B7BDB049}"
EndProject
Project("{FAE04EC0-301F-11D3-BF4B-00C04F79EFBC}") = "ACopyLibTest", "Testing\ACopyLibTest\ACopyLibTest.csproj", "{621FD4C0-E857-41E9-953A-4F6B2BC8E760}"
EndProject
Project("{FAE04EC0-301F-11D3-BF4B-00C04F79EFBC}") = "ACopyTestHelper", "Testing\ACopyTestHelper\ACopyTestHelper.csproj", "{2FCE9A0A-15E4-44AD-8E21-E929F3D7C67F}"
EndProject
Project("{FAE04EC0-301F-11D3-BF4B-00C04F79EFBC}") = "ADatabaseTest", "Testing\ADatabaseTest\ADatabaseTest.csproj", "{B1B80B12-4BC7-486F-8AF4-EFE0A840A80D}"
EndProject
Project("{FAE04EC0-301F-11D3-BF4B-00C04F79EFBC}") = "AParserTest", "Testing\AParserTest\AParserTest.csproj", "{75791536-4B33-44FB-B6B5-36BE5F6DE67F}"
EndProject
Project("{FAE04EC0-301F-11D3-BF4B-00C04F79EFBC}") = "ACommandLineParser", "Common\ACommandLineParser\ACommandLineParser.csproj", "{CAA895B3-BFCA-4F04-9660-5F7E3C36D1C9}"
EndProject
Project("{FAE04EC0-301F-11D3-BF4B-00C04F79EFBC}") = "ADatabase", "Common\ADatabase\ADatabase.csproj", "{669D0F7B-39E9-4AD8-ABB6-38EC3DC34DBC}"
EndProject
Project("{FAE04EC0-301F-11D3-BF4B-00C04F79EFBC}") = "ALogger", "Common\ALogger\ALogger.csproj", "{ADA41B5E-C16F-4F86-9D95-C3B196654FF7}"
EndProject
Project("{FAE04EC0-301F-11D3-BF4B-00C04F79EFBC}") = "AParser", "Common\AParser\AParser.csproj", "{14BC427D-B57B-45C4-852E-9365BDFA8618}"
EndProject
Project("{2150E333-8FDC-42A3-9474-1A3956D46DE8}") = "Config", "Config", "{B8BECCD4-ADA0-4683-842A-E2E771CFC25F}"
	ProjectSection(SolutionItems) = preProject
		Config\AcopyToUnit4Oracle.xml = Config\AcopyToUnit4Oracle.xml
		Config\Conversions.xsd = Config\Conversions.xsd
		Config\Unit4OracleConversions.xml = Config\Unit4OracleConversions.xml
	EndProjectSection
EndProject
Global
	GlobalSection(SolutionConfigurationPlatforms) = preSolution
		Debug|x86 = Debug|x86
		Release|x86 = Release|x86
	EndGlobalSection
	GlobalSection(ProjectConfigurationPlatforms) = postSolution
		{456624A2-3782-473F-8567-740F7FE8A9F8}.Debug|x86.ActiveCfg = Debug|x86
		{456624A2-3782-473F-8567-740F7FE8A9F8}.Debug|x86.Build.0 = Debug|x86
		{456624A2-3782-473F-8567-740F7FE8A9F8}.Release|x86.ActiveCfg = Release|x86
		{456624A2-3782-473F-8567-740F7FE8A9F8}.Release|x86.Build.0 = Release|x86
		{F89638D9-E313-4A2F-9262-E067568E9497}.Debug|x86.ActiveCfg = Debug|x86
		{F89638D9-E313-4A2F-9262-E067568E9497}.Debug|x86.Build.0 = Debug|x86
		{F89638D9-E313-4A2F-9262-E067568E9497}.Release|x86.ActiveCfg = Release|x86
		{F89638D9-E313-4A2F-9262-E067568E9497}.Release|x86.Build.0 = Release|x86
		{6746FB5A-AD96-4461-BB80-A8D6B7BDB049}.Debug|x86.ActiveCfg = Debug|x86
		{6746FB5A-AD96-4461-BB80-A8D6B7BDB049}.Debug|x86.Build.0 = Debug|x86
		{6746FB5A-AD96-4461-BB80-A8D6B7BDB049}.Release|x86.ActiveCfg = Release|x86
		{6746FB5A-AD96-4461-BB80-A8D6B7BDB049}.Release|x86.Build.0 = Release|x86
		{621FD4C0-E857-41E9-953A-4F6B2BC8E760}.Debug|x86.ActiveCfg = Debug|x86
		{621FD4C0-E857-41E9-953A-4F6B2BC8E760}.Debug|x86.Build.0 = Debug|x86
		{621FD4C0-E857-41E9-953A-4F6B2BC8E760}.Release|x86.ActiveCfg = Release|x86
		{621FD4C0-E857-41E9-953A-4F6B2BC8E760}.Release|x86.Build.0 = Release|x86
		{2FCE9A0A-15E4-44AD-8E21-E929F3D7C67F}.Debug|x86.ActiveCfg = Debug|x86
		{2FCE9A0A-15E4-44AD-8E21-E929F3D7C67F}.Debug|x86.Build.0 = Debug|x86
		{2FCE9A0A-15E4-44AD-8E21-E929F3D7C67F}.Release|x86.ActiveCfg = Release|x86
		{2FCE9A0A-15E4-44AD-8E21-E929F3D7C67F}.Release|x86.Build.0 = Release|x86
		{B1B80B12-4BC7-486F-8AF4-EFE0A840A80D}.Debug|x86.ActiveCfg = Debug|x86
		{B1B80B12-4BC7-486F-8AF4-EFE0A840A80D}.Debug|x86.Build.0 = Debug|x86
		{B1B80B12-4BC7-486F-8AF4-EFE0A840A80D}.Release|x86.ActiveCfg = Release|x86
		{B1B80B12-4BC7-486F-8AF4-EFE0A840A80D}.Release|x86.Build.0 = Release|x86
		{75791536-4B33-44FB-B6B5-36BE5F6DE67F}.Debug|x86.ActiveCfg = Debug|x86
		{75791536-4B33-44FB-B6B5-36BE5F6DE67F}.Debug|x86.Build.0 = Debug|x86
		{75791536-4B33-44FB-B6B5-36BE5F6DE67F}.Release|x86.ActiveCfg = Release|x86
		{75791536-4B33-44FB-B6B5-36BE5F6DE67F}.Release|x86.Build.0 = Release|x86
		{CAA895B3-BFCA-4F04-9660-5F7E3C36D1C9}.Debug|x86.ActiveCfg = Debug|x86
		{CAA895B3-BFCA-4F04-9660-5F7E3C36D1C9}.Debug|x86.Build.0 = Debug|x86
		{CAA895B3-BFCA-4F04-9660-5F7E3C36D1C9}.Release|x86.ActiveCfg = Release|x86
		{CAA895B3-BFCA-4F04-9660-5F7E3C36D1C9}.Release|x86.Build.0 = Release|x86
		{669D0F7B-39E9-4AD8-ABB6-38EC3DC34DBC}.Debug|x86.ActiveCfg = Debug|x86
		{669D0F7B-39E9-4AD8-ABB6-38EC3DC34DBC}.Debug|x86.Build.0 = Debug|x86
		{669D0F7B-39E9-4AD8-ABB6-38EC3DC34DBC}.Release|x86.ActiveCfg = Release|x86
		{669D0F7B-39E9-4AD8-ABB6-38EC3DC34DBC}.Release|x86.Build.0 = Release|x86
		{ADA41B5E-C16F-4F86-9D95-C3B196654FF7}.Debug|x86.ActiveCfg = Debug|x86
		{ADA41B5E-C16F-4F86-9D95-C3B196654FF7}.Debug|x86.Build.0 = Debug|x86
		{ADA41B5E-C16F-4F86-9D95-C3B196654FF7}.Release|x86.ActiveCfg = Release|x86
		{ADA41B5E-C16F-4F86-9D95-C3B196654FF7}.Release|x86.Build.0 = Release|x86
		{14BC427D-B57B-45C4-852E-9365BDFA8618}.Debug|x86.ActiveCfg = Debug|x86
		{14BC427D-B57B-45C4-852E-9365BDFA8618}.Debug|x86.Build.0 = Debug|x86
		{14BC427D-B57B-45C4-852E-9365BDFA8618}.Release|x86.ActiveCfg = Release|x86
		{14BC427D-B57B-45C4-852E-9365BDFA8618}.Release|x86.Build.0 = Release|x86
	EndGlobalSection
	GlobalSection(SolutionProperties) = preSolution
		HideSolutionNode = FALSE
	EndGlobalSection
	GlobalSection(NestedProjects) = preSolution
		{6746FB5A-AD96-4461-BB80-A8D6B7BDB049} = {3951F7D5-DF58-4BE6-A36F-C9A89A56F3E6}
		{621FD4C0-E857-41E9-953A-4F6B2BC8E760} = {3951F7D5-DF58-4BE6-A36F-C9A89A56F3E6}
		{2FCE9A0A-15E4-44AD-8E21-E929F3D7C67F} = {3951F7D5-DF58-4BE6-A36F-C9A89A56F3E6}
		{B1B80B12-4BC7-486F-8AF4-EFE0A840A80D} = {3951F7D5-DF58-4BE6-A36F-C9A89A56F3E6}
		{75791536-4B33-44FB-B6B5-36BE5F6DE67F} = {3951F7D5-DF58-4BE6-A36F-C9A89A56F3E6}
		{CAA895B3-BFCA-4F04-9660-5F7E3C36D1C9} = {B6CC4F3B-A61F-4869-82A3-8E61D7CF36DD}
		{669D0F7B-39E9-4AD8-ABB6-38EC3DC34DBC} = {B6CC4F3B-A61F-4869-82A3-8E61D7CF36DD}
		{ADA41B5E-C16F-4F86-9D95-C3B196654FF7} = {B6CC4F3B-A61F-4869-82A3-8E61D7CF36DD}
		{14BC427D-B57B-45C4-852E-9365BDFA8618} = {B6CC4F3B-A61F-4869-82A3-8E61D7CF36DD}
	EndGlobalSection
EndGlobal
